
Microsoft Visual Studio Solution File, Format Version 12.00
# Visual Studio Version 16
VisualStudioVersion = 16.0.30711.63
MinimumVisualStudioVersion = 10.0.40219.1
Project("{FAE04EC0-301F-11D3-BF4B-00C04F79EFBC}") = "label_textbox_button_kullanımı", "label_textbox_button_kullanımı\label_textbox_button_kullanımı.csproj", "{18EDE36E-FB59-47E6-94D1-3991F71903B2}"
EndProject
Global
	GlobalSection(SolutionConfigurationPlatforms) = preSolution
		Debug|Any CPU = Debug|Any CPU
		Release|Any CPU = Release|Any CPU
	EndGlobalSection
	GlobalSection(ProjectConfigurationPlatforms) = postSolution
		{18EDE36E-FB59-47E6-94D1-3991F71903B2}.Debug|Any CPU.ActiveCfg = Debug|Any CPU
		{18EDE36E-FB59-47E6-94D1-3991F71903B2}.Debug|Any CPU.Build.0 = Debug|Any CPU
		{18EDE36E-FB59-47E6-94D1-3991F71903B2}.Release|Any CPU.ActiveCfg = Release|Any CPU
		{18EDE36E-FB59-47E6-94D1-3991F71903B2}.Release|Any CPU.Build.0 = Release|Any CPU
	EndGlobalSection
	GlobalSection(SolutionProperties) = preSolution
		HideSolutionNode = FALSE
	EndGlobalSection
	GlobalSection(ExtensibilityGlobals) = postSolution
		SolutionGuid = {1D8CD771-8F13-4108-ACAC-36891EC509E0}
	EndGlobalSection
EndGlobal
