
Microsoft Visual Studio Solution File, Format Version 12.00
# Visual Studio Version 16
VisualStudioVersion = 16.0.30711.63
MinimumVisualStudioVersion = 10.0.40219.1
Project("{FAE04EC0-301F-11D3-BF4B-00C04F79EFBC}") = "is_takip_programi", "is_takip_programi\is_takip_programi.csproj", "{F30B6DBE-4AFE-4269-B1FA-F764C42DD39F}"
EndProject
Global
	GlobalSection(SolutionConfigurationPlatforms) = preSolution
		Debug|Any CPU = Debug|Any CPU
		Release|Any CPU = Release|Any CPU
	EndGlobalSection
	GlobalSection(ProjectConfigurationPlatforms) = postSolution
		{F30B6DBE-4AFE-4269-B1FA-F764C42DD39F}.Debug|Any CPU.ActiveCfg = Debug|Any CPU
		{F30B6DBE-4AFE-4269-B1FA-F764C42DD39F}.Debug|Any CPU.Build.0 = Debug|Any CPU
		{F30B6DBE-4AFE-4269-B1FA-F764C42DD39F}.Release|Any CPU.ActiveCfg = Release|Any CPU
		{F30B6DBE-4AFE-4269-B1FA-F764C42DD39F}.Release|Any CPU.Build.0 = Release|Any CPU
	EndGlobalSection
	GlobalSection(SolutionProperties) = preSolution
		HideSolutionNode = FALSE
	EndGlobalSection
	GlobalSection(ExtensibilityGlobals) = postSolution
		SolutionGuid = {95B184E6-DE3A-4C6D-B302-E5882D47A87F}
	EndGlobalSection
EndGlobal
